
Microsoft Visual Studio Solution File, Format Version 12.00
# Visual Studio Version 16
VisualStudioVersion = 16.0.29806.167
MinimumVisualStudioVersion = 10.0.40219.1
Project("{F184B08F-C81C-45F6-A57F-5ABD9991F28F}") = "Chapter5_Excercise", "Chapter5_Excercise\Chapter5_Excercise.vbproj", "{FB54B43E-926C-4D42-83DC-178544420C2B}"
EndProject
Global
	GlobalSection(SolutionConfigurationPlatforms) = preSolution
		Debug|Any CPU = Debug|Any CPU
		Release|Any CPU = Release|Any CPU
	EndGlobalSection
	GlobalSection(ProjectConfigurationPlatforms) = postSolution
		{FB54B43E-926C-4D42-83DC-178544420C2B}.Debug|Any CPU.ActiveCfg = Debug|Any CPU
		{FB54B43E-926C-4D42-83DC-178544420C2B}.Debug|Any CPU.Build.0 = Debug|Any CPU
		{FB54B43E-926C-4D42-83DC-178544420C2B}.Release|Any CPU.ActiveCfg = Release|Any CPU
		{FB54B43E-926C-4D42-83DC-178544420C2B}.Release|Any CPU.Build.0 = Release|Any CPU
	EndGlobalSection
	GlobalSection(SolutionProperties) = preSolution
		HideSolutionNode = FALSE
	EndGlobalSection
	GlobalSection(ExtensibilityGlobals) = postSolution
		SolutionGuid = {76489A4F-ADA1-46CC-ADFC-E20BFA3CC3AA}
	EndGlobalSection
EndGlobal
